
Microsoft Visual Studio Solution File, Format Version 12.00
# Visual Studio Version 17
VisualStudioVersion = 17.6.33829.357
MinimumVisualStudioVersion = 10.0.40219.1
Project("{FAE04EC0-301F-11D3-BF4B-00C04F79EFBC}") = "UserRegistration", "UserRegistration\UserRegistration.csproj", "{EC078039-12A0-4207-8B12-A7856272856E}"
EndProject
Global
	GlobalSection(SolutionConfigurationPlatforms) = preSolution
		Debug|Any CPU = Debug|Any CPU
		Release|Any CPU = Release|Any CPU
	EndGlobalSection
	GlobalSection(ProjectConfigurationPlatforms) = postSolution
		{EC078039-12A0-4207-8B12-A7856272856E}.Debug|Any CPU.ActiveCfg = Debug|Any CPU
		{EC078039-12A0-4207-8B12-A7856272856E}.Debug|Any CPU.Build.0 = Debug|Any CPU
		{EC078039-12A0-4207-8B12-A7856272856E}.Release|Any CPU.ActiveCfg = Release|Any CPU
		{EC078039-12A0-4207-8B12-A7856272856E}.Release|Any CPU.Build.0 = Release|Any CPU
	EndGlobalSection
	GlobalSection(SolutionProperties) = preSolution
		HideSolutionNode = FALSE
	EndGlobalSection
	GlobalSection(ExtensibilityGlobals) = postSolution
		SolutionGuid = {6573D98B-0664-4561-B20D-B9FFF4E57672}
	EndGlobalSection
EndGlobal
