
Microsoft Visual Studio Solution File, Format Version 12.00
# Visual Studio Version 17
VisualStudioVersion = 17.6.33815.320
MinimumVisualStudioVersion = 10.0.40219.1
Project("{FAE04EC0-301F-11D3-BF4B-00C04F79EFBC}") = "DataBase_LINQ", "DataBase_LINQ\DataBase_LINQ.csproj", "{46A9665F-F086-4A24-B1FA-5CA95693FA92}"
EndProject
Global
	GlobalSection(SolutionConfigurationPlatforms) = preSolution
		Debug|Any CPU = Debug|Any CPU
		Release|Any CPU = Release|Any CPU
	EndGlobalSection
	GlobalSection(ProjectConfigurationPlatforms) = postSolution
		{46A9665F-F086-4A24-B1FA-5CA95693FA92}.Debug|Any CPU.ActiveCfg = Debug|Any CPU
		{46A9665F-F086-4A24-B1FA-5CA95693FA92}.Debug|Any CPU.Build.0 = Debug|Any CPU
		{46A9665F-F086-4A24-B1FA-5CA95693FA92}.Release|Any CPU.ActiveCfg = Release|Any CPU
		{46A9665F-F086-4A24-B1FA-5CA95693FA92}.Release|Any CPU.Build.0 = Release|Any CPU
	EndGlobalSection
	GlobalSection(SolutionProperties) = preSolution
		HideSolutionNode = FALSE
	EndGlobalSection
	GlobalSection(ExtensibilityGlobals) = postSolution
		SolutionGuid = {BE87E722-8A49-40A5-BA55-8AA25ACE289A}
	EndGlobalSection
EndGlobal
