
Microsoft Visual Studio Solution File, Format Version 12.00
# Visual Studio Version 17
VisualStudioVersion = 17.6.33815.320
MinimumVisualStudioVersion = 10.0.40219.1
Project("{FAE04EC0-301F-11D3-BF4B-00C04F79EFBC}") = "Database_Ado", "Database_Ado\Database_Ado.csproj", "{0DBBF8DC-2445-44F3-BBB1-CF42D43412B1}"
EndProject
Global
	GlobalSection(SolutionConfigurationPlatforms) = preSolution
		Debug|Any CPU = Debug|Any CPU
		Release|Any CPU = Release|Any CPU
	EndGlobalSection
	GlobalSection(ProjectConfigurationPlatforms) = postSolution
		{0DBBF8DC-2445-44F3-BBB1-CF42D43412B1}.Debug|Any CPU.ActiveCfg = Debug|Any CPU
		{0DBBF8DC-2445-44F3-BBB1-CF42D43412B1}.Debug|Any CPU.Build.0 = Debug|Any CPU
		{0DBBF8DC-2445-44F3-BBB1-CF42D43412B1}.Release|Any CPU.ActiveCfg = Release|Any CPU
		{0DBBF8DC-2445-44F3-BBB1-CF42D43412B1}.Release|Any CPU.Build.0 = Release|Any CPU
	EndGlobalSection
	GlobalSection(SolutionProperties) = preSolution
		HideSolutionNode = FALSE
	EndGlobalSection
	GlobalSection(ExtensibilityGlobals) = postSolution
		SolutionGuid = {21096DDF-FC5C-4F72-A8EB-BA3090517CC0}
	EndGlobalSection
EndGlobal
