
Microsoft Visual Studio Solution File, Format Version 12.00
# Visual Studio Version 17
VisualStudioVersion = 17.6.33829.357
MinimumVisualStudioVersion = 10.0.40219.1
Project("{FAE04EC0-301F-11D3-BF4B-00C04F79EFBC}") = "webForms", "webForms\webForms.csproj", "{3C2A6B53-F66D-45D2-B10D-CD6DF78F10A5}"
EndProject
Global
	GlobalSection(SolutionConfigurationPlatforms) = preSolution
		Debug|Any CPU = Debug|Any CPU
		Release|Any CPU = Release|Any CPU
	EndGlobalSection
	GlobalSection(ProjectConfigurationPlatforms) = postSolution
		{3C2A6B53-F66D-45D2-B10D-CD6DF78F10A5}.Debug|Any CPU.ActiveCfg = Debug|Any CPU
		{3C2A6B53-F66D-45D2-B10D-CD6DF78F10A5}.Debug|Any CPU.Build.0 = Debug|Any CPU
		{3C2A6B53-F66D-45D2-B10D-CD6DF78F10A5}.Release|Any CPU.ActiveCfg = Release|Any CPU
		{3C2A6B53-F66D-45D2-B10D-CD6DF78F10A5}.Release|Any CPU.Build.0 = Release|Any CPU
	EndGlobalSection
	GlobalSection(SolutionProperties) = preSolution
		HideSolutionNode = FALSE
	EndGlobalSection
	GlobalSection(ExtensibilityGlobals) = postSolution
		SolutionGuid = {E75C30BA-2D9D-46FC-B7C3-DA8596C2E3DB}
	EndGlobalSection
EndGlobal
